
Microsoft Visual Studio Solution File, Format Version 12.00
# Visual Studio Version 17
VisualStudioVersion = 17.7.34003.232
MinimumVisualStudioVersion = 10.0.40219.1
Project("{FAE04EC0-301F-11D3-BF4B-00C04F79EFBC}") = "TasarYeriProject.BusinessLayer", "TasarYeriProject.BusinessLayer\TasarYeriProject.BusinessLayer.csproj", "{89B636C3-BD7B-4B7A-963F-C171F05E6438}"
EndProject
Project("{FAE04EC0-301F-11D3-BF4B-00C04F79EFBC}") = "TasarYeriProject.DtoLayer", "TasarYeriProject.DtoLayer\TasarYeriProject.DtoLayer.csproj", "{35A779A5-3EA0-4B1D-938A-A3A379A1921C}"
EndProject
Project("{FAE04EC0-301F-11D3-BF4B-00C04F79EFBC}") = "TasarYeriProject.EntityLayer", "TasarYeriProject.EntityLayer\TasarYeriProject.EntityLayer.csproj", "{F013B48E-CA9A-4F5D-8EA2-593364696068}"
EndProject
Project("{FAE04EC0-301F-11D3-BF4B-00C04F79EFBC}") = "TasarYeriProject.DataAccessLayer", "TasarYeriProject.DataAccessLayer\TasarYeriProject.DataAccessLayer.csproj", "{6BDB9A2B-6F3A-4085-8F83-9B5199A8F98A}"
EndProject
Project("{FAE04EC0-301F-11D3-BF4B-00C04F79EFBC}") = "TasarYeriProject.PresantationLayer", "TasarYeriProject.PresantationLayer\TasarYeriProject.PresantationLayer.csproj", "{FF32C6E7-5CBA-46EF-AA9F-91B09987CC0D}"
EndProject
Global
	GlobalSection(SolutionConfigurationPlatforms) = preSolution
		Debug|Any CPU = Debug|Any CPU
		Release|Any CPU = Release|Any CPU
	EndGlobalSection
	GlobalSection(ProjectConfigurationPlatforms) = postSolution
		{89B636C3-BD7B-4B7A-963F-C171F05E6438}.Debug|Any CPU.ActiveCfg = Debug|Any CPU
		{89B636C3-BD7B-4B7A-963F-C171F05E6438}.Debug|Any CPU.Build.0 = Debug|Any CPU
		{89B636C3-BD7B-4B7A-963F-C171F05E6438}.Release|Any CPU.ActiveCfg = Release|Any CPU
		{89B636C3-BD7B-4B7A-963F-C171F05E6438}.Release|Any CPU.Build.0 = Release|Any CPU
		{35A779A5-3EA0-4B1D-938A-A3A379A1921C}.Debug|Any CPU.ActiveCfg = Debug|Any CPU
		{35A779A5-3EA0-4B1D-938A-A3A379A1921C}.Debug|Any CPU.Build.0 = Debug|Any CPU
		{35A779A5-3EA0-4B1D-938A-A3A379A1921C}.Release|Any CPU.ActiveCfg = Release|Any CPU
		{35A779A5-3EA0-4B1D-938A-A3A379A1921C}.Release|Any CPU.Build.0 = Release|Any CPU
		{F013B48E-CA9A-4F5D-8EA2-593364696068}.Debug|Any CPU.ActiveCfg = Debug|Any CPU
		{F013B48E-CA9A-4F5D-8EA2-593364696068}.Debug|Any CPU.Build.0 = Debug|Any CPU
		{F013B48E-CA9A-4F5D-8EA2-593364696068}.Release|Any CPU.ActiveCfg = Release|Any CPU
		{F013B48E-CA9A-4F5D-8EA2-593364696068}.Release|Any CPU.Build.0 = Release|Any CPU
		{6BDB9A2B-6F3A-4085-8F83-9B5199A8F98A}.Debug|Any CPU.ActiveCfg = Debug|Any CPU
		{6BDB9A2B-6F3A-4085-8F83-9B5199A8F98A}.Debug|Any CPU.Build.0 = Debug|Any CPU
		{6BDB9A2B-6F3A-4085-8F83-9B5199A8F98A}.Release|Any CPU.ActiveCfg = Release|Any CPU
		{6BDB9A2B-6F3A-4085-8F83-9B5199A8F98A}.Release|Any CPU.Build.0 = Release|Any CPU
		{FF32C6E7-5CBA-46EF-AA9F-91B09987CC0D}.Debug|Any CPU.ActiveCfg = Debug|Any CPU
		{FF32C6E7-5CBA-46EF-AA9F-91B09987CC0D}.Debug|Any CPU.Build.0 = Debug|Any CPU
		{FF32C6E7-5CBA-46EF-AA9F-91B09987CC0D}.Release|Any CPU.ActiveCfg = Release|Any CPU
		{FF32C6E7-5CBA-46EF-AA9F-91B09987CC0D}.Release|Any CPU.Build.0 = Release|Any CPU
	EndGlobalSection
	GlobalSection(SolutionProperties) = preSolution
		HideSolutionNode = FALSE
	EndGlobalSection
	GlobalSection(ExtensibilityGlobals) = postSolution
		SolutionGuid = {03DF7C9C-B38C-4C15-A3DB-415C9E295528}
	EndGlobalSection
EndGlobal
